<?xml version="1.0" encoding="UTF-8" standalone="yes" ?>
<CodeBlocks_project_file>
   <FileVersion major="1" minor="6" />
   <Project>
      <Option title="src" />
      <Option makefile_is_custom="1" />
      <Option compiler="gcc" />
      <Option virtualFolders="CMake Files\;" />
      <Build>
      <Target title="all">
         <Option working_dir="/home/eliot2/School/CMSC/341/proj2/build-src" />
         <Option type="4" />
         <MakeCommands>
            <Build command="/usr/bin/make -f &quot;/home/eliot2/School/CMSC/341/proj2/build-src/Makefile&quot;  VERBOSE=1 all" />
            <CompileFile command="/usr/bin/make -f &quot;/home/eliot2/School/CMSC/341/proj2/build-src/Makefile&quot;  VERBOSE=1 &quot;$file&quot;" />
            <Clean command="/usr/bin/make -f &quot;/home/eliot2/School/CMSC/341/proj2/build-src/Makefile&quot;  VERBOSE=1 clean" />
            <DistClean command="/usr/bin/make -f &quot;/home/eliot2/School/CMSC/341/proj2/build-src/Makefile&quot;  VERBOSE=1 clean" />
         </MakeCommands>
      </Target>
      <Target title="Driver.out">
         <Option output="/home/eliot2/School/CMSC/341/proj2/build-src/Driver.out" prefix_auto="0" extension_auto="0" />
         <Option working_dir="/home/eliot2/School/CMSC/341/proj2/build-src" />
         <Option object_output="./" />
         <Option type="1" />
         <Option compiler="gcc" />
         <Compiler>
            <Add directory="/usr/include" />
            <Add directory="/usr/include/c++/4.8" />
            <Add directory="/usr/include/c++/4.8/backward" />
            <Add directory="/usr/include/x86_64-linux-gnu" />
            <Add directory="/usr/include/x86_64-linux-gnu/c++/4.8" />
            <Add directory="/usr/lib/gcc/x86_64-linux-gnu/4.8/include" />
            <Add directory="/usr/lib/gcc/x86_64-linux-gnu/4.8/include-fixed" />
            <Add directory="/usr/local/include" />
         </Compiler>
         <MakeCommands>
            <Build command="/usr/bin/make -f &quot;/home/eliot2/School/CMSC/341/proj2/build-src/Makefile&quot;  VERBOSE=1 Driver.out" />
            <CompileFile command="/usr/bin/make -f &quot;/home/eliot2/School/CMSC/341/proj2/build-src/Makefile&quot;  VERBOSE=1 &quot;$file&quot;" />
            <Clean command="/usr/bin/make -f &quot;/home/eliot2/School/CMSC/341/proj2/build-src/Makefile&quot;  VERBOSE=1 clean" />
            <DistClean command="/usr/bin/make -f &quot;/home/eliot2/School/CMSC/341/proj2/build-src/Makefile&quot;  VERBOSE=1 clean" />
         </MakeCommands>
      </Target>
      <Target title="Driver.out/fast">
         <Option output="/home/eliot2/School/CMSC/341/proj2/build-src/Driver.out" prefix_auto="0" extension_auto="0" />
         <Option working_dir="/home/eliot2/School/CMSC/341/proj2/build-src" />
         <Option object_output="./" />
         <Option type="1" />
         <Option compiler="gcc" />
         <Compiler>
            <Add directory="/usr/include" />
            <Add directory="/usr/include/c++/4.8" />
            <Add directory="/usr/include/c++/4.8/backward" />
            <Add directory="/usr/include/x86_64-linux-gnu" />
            <Add directory="/usr/include/x86_64-linux-gnu/c++/4.8" />
            <Add directory="/usr/lib/gcc/x86_64-linux-gnu/4.8/include" />
            <Add directory="/usr/lib/gcc/x86_64-linux-gnu/4.8/include-fixed" />
            <Add directory="/usr/local/include" />
         </Compiler>
         <MakeCommands>
            <Build command="/usr/bin/make -f &quot;/home/eliot2/School/CMSC/341/proj2/build-src/Makefile&quot;  VERBOSE=1 Driver.out/fast" />
            <CompileFile command="/usr/bin/make -f &quot;/home/eliot2/School/CMSC/341/proj2/build-src/Makefile&quot;  VERBOSE=1 &quot;$file&quot;" />
            <Clean command="/usr/bin/make -f &quot;/home/eliot2/School/CMSC/341/proj2/build-src/Makefile&quot;  VERBOSE=1 clean" />
            <DistClean command="/usr/bin/make -f &quot;/home/eliot2/School/CMSC/341/proj2/build-src/Makefile&quot;  VERBOSE=1 clean" />
         </MakeCommands>
      </Target>
      <Target title="rebuild_cache">
         <Option working_dir="/home/eliot2/School/CMSC/341/proj2/build-src" />
         <Option type="4" />
         <MakeCommands>
            <Build command="/usr/bin/make -f &quot;/home/eliot2/School/CMSC/341/proj2/build-src/Makefile&quot;  VERBOSE=1 rebuild_cache" />
            <CompileFile command="/usr/bin/make -f &quot;/home/eliot2/School/CMSC/341/proj2/build-src/Makefile&quot;  VERBOSE=1 &quot;$file&quot;" />
            <Clean command="/usr/bin/make -f &quot;/home/eliot2/School/CMSC/341/proj2/build-src/Makefile&quot;  VERBOSE=1 clean" />
            <DistClean command="/usr/bin/make -f &quot;/home/eliot2/School/CMSC/341/proj2/build-src/Makefile&quot;  VERBOSE=1 clean" />
         </MakeCommands>
      </Target>
      </Build>
      <Unit filename="/home/eliot2/School/CMSC/341/proj2/src/Driver.cpp">
      </Unit>
      <Unit filename="/home/eliot2/School/CMSC/341/proj2/src/Indexer.cpp">
      </Unit>
      <Unit filename="/home/eliot2/School/CMSC/341/proj2/src/Word.cpp">
      </Unit>
      <Unit filename="/home/eliot2/School/CMSC/341/proj2/src/BinarySearchTree.h">
      </Unit>
      <Unit filename="/home/eliot2/School/CMSC/341/proj2/src/DebugLogger.h">
      </Unit>
      <Unit filename="/home/eliot2/School/CMSC/341/proj2/src/Indexer.h">
      </Unit>
      <Unit filename="/home/eliot2/School/CMSC/341/proj2/src/Word.h">
      </Unit>
      <Unit filename="/home/eliot2/School/CMSC/341/proj2/src/dsexceptions.h">
      </Unit>
      <Unit filename="/home/eliot2/School/CMSC/341/proj2/src/exceptions.h">
      </Unit>
      <Unit filename="/home/eliot2/School/CMSC/341/proj2/src/CMakeLists.txt">
          <Option virtualFolder="CMake Files\" />
      </Unit>
   </Project>
</CodeBlocks_project_file>
